// !$*UTF8*$!
{
	archiveVersion = 1;
	classes = {
	};
	objectVersion = 46;
	objects = {

/* Begin PBXBuildFile section */
		8401812B19ED40C8004B7B5C /* NAATextFieldCell.m in Sources */ = {isa = PBXBuildFile; fileRef = 8401812A19ED40C8004B7B5C /* NAATextFieldCell.m */; };
		8403837719F589CA00161A16 /* NAATaskDetailView.m in Sources */ = {isa = PBXBuildFile; fileRef = 8403837419F589CA00161A16 /* NAATaskDetailView.m */; };
		8403837819F589CA00161A16 /* NAATaskDetailViewR.m in Sources */ = {isa = PBXBuildFile; fileRef = 8403837619F589CA00161A16 /* NAATaskDetailViewR.m */; };
		8403837B19F59C7500161A16 /* NAATaskDetailViewS.m in Sources */ = {isa = PBXBuildFile; fileRef = 8403837A19F59C7500161A16 /* NAATaskDetailViewS.m */; };
		8403838119F5B1BD00161A16 /* NAAWeekdaysViewController.m in Sources */ = {isa = PBXBuildFile; fileRef = 8403838019F5B1BD00161A16 /* NAAWeekdaysViewController.m */; };
		84255F4D19EAB7180063AE5C /* NAATask.m in Sources */ = {isa = PBXBuildFile; fileRef = 84255F4C19EAB7180063AE5C /* NAATask.m */; };
		84255F5019EACB530063AE5C /* NAADateCell.m in Sources */ = {isa = PBXBuildFile; fileRef = 84255F4F19EACB530063AE5C /* NAADateCell.m */; };
		843BA43D19E9468000D3AA4F /* Foundation.framework in Frameworks */ = {isa = PBXBuildFile; fileRef = 843BA43C19E9468000D3AA4F /* Foundation.framework */; };
		843BA43F19E9468000D3AA4F /* CoreGraphics.framework in Frameworks */ = {isa = PBXBuildFile; fileRef = 843BA43E19E9468000D3AA4F /* CoreGraphics.framework */; };
		843BA44119E9468000D3AA4F /* UIKit.framework in Frameworks */ = {isa = PBXBuildFile; fileRef = 843BA44019E9468000D3AA4F /* UIKit.framework */; };
		843BA44719E9468000D3AA4F /* InfoPlist.strings in Resources */ = {isa = PBXBuildFile; fileRef = 843BA44519E9468000D3AA4F /* InfoPlist.strings */; };
		843BA44919E9468000D3AA4F /* main.m in Sources */ = {isa = PBXBuildFile; fileRef = 843BA44819E9468000D3AA4F /* main.m */; };
		843BA44D19E9468000D3AA4F /* NAAAppDelegate.m in Sources */ = {isa = PBXBuildFile; fileRef = 843BA44C19E9468000D3AA4F /* NAAAppDelegate.m */; };
		843BA44F19E9468000D3AA4F /* Images.xcassets in Resources */ = {isa = PBXBuildFile; fileRef = 843BA44E19E9468000D3AA4F /* Images.xcassets */; };
		843BA45619E9468000D3AA4F /* XCTest.framework in Frameworks */ = {isa = PBXBuildFile; fileRef = 843BA45519E9468000D3AA4F /* XCTest.framework */; };
		843BA45719E9468000D3AA4F /* Foundation.framework in Frameworks */ = {isa = PBXBuildFile; fileRef = 843BA43C19E9468000D3AA4F /* Foundation.framework */; };
		843BA45819E9468000D3AA4F /* UIKit.framework in Frameworks */ = {isa = PBXBuildFile; fileRef = 843BA44019E9468000D3AA4F /* UIKit.framework */; };
		843BA46019E9468000D3AA4F /* InfoPlist.strings in Resources */ = {isa = PBXBuildFile; fileRef = 843BA45E19E9468000D3AA4F /* InfoPlist.strings */; };
		843BA46219E9468000D3AA4F /* Task_managerTests.m in Sources */ = {isa = PBXBuildFile; fileRef = 843BA46119E9468000D3AA4F /* Task_managerTests.m */; };
		843BA47819E9808E00D3AA4F /* NAATaskStore.m in Sources */ = {isa = PBXBuildFile; fileRef = 843BA47719E9808E00D3AA4F /* NAATaskStore.m */; };
		843BA47A19E98D0B00D3AA4F /* NAADateCell.xib in Resources */ = {isa = PBXBuildFile; fileRef = 843BA47919E98D0B00D3AA4F /* NAADateCell.xib */; };
		843BA47D19E998FB00D3AA4F /* NAAReminderViewController.m in Sources */ = {isa = PBXBuildFile; fileRef = 843BA47C19E998FB00D3AA4F /* NAAReminderViewController.m */; };
		843BA48019E99F2300D3AA4F /* NAATaskCell.m in Sources */ = {isa = PBXBuildFile; fileRef = 843BA47F19E99F2300D3AA4F /* NAATaskCell.m */; };
		843BA48219E9A4DF00D3AA4F /* NAATaskCell.xib in Resources */ = {isa = PBXBuildFile; fileRef = 843BA48119E9A4DF00D3AA4F /* NAATaskCell.xib */; };
		84832B7519F3E7CE00ADE601 /* NAAScheduleViewController.m in Sources */ = {isa = PBXBuildFile; fileRef = 84832B7419F3E7CE00ADE601 /* NAAScheduleViewController.m */; };
		84832B7F19F44B9300ADE601 /* Reminder@2x.png in Resources */ = {isa = PBXBuildFile; fileRef = 84832B7E19F44B9300ADE601 /* Reminder@2x.png */; };
		84832B8319F44D4700ADE601 /* Reminder.png in Resources */ = {isa = PBXBuildFile; fileRef = 84832B8019F44D4700ADE601 /* Reminder.png */; };
		84832B8819F44E2100ADE601 /* Schedule@2x.png in Resources */ = {isa = PBXBuildFile; fileRef = 84832B8619F44E2100ADE601 /* Schedule@2x.png */; };
		84832B8919F44E2100ADE601 /* Schedule.png in Resources */ = {isa = PBXBuildFile; fileRef = 84832B8719F44E2100ADE601 /* Schedule.png */; };
/* End PBXBuildFile section */

/* Begin PBXContainerItemProxy section */
		843BA45919E9468000D3AA4F /* PBXContainerItemProxy */ = {
			isa = PBXContainerItemProxy;
			containerPortal = 843BA43119E9468000D3AA4F /* Project object */;
			proxyType = 1;
			remoteGlobalIDString = 843BA43819E9468000D3AA4F;
			remoteInfo = "Task manager";
		};
/* End PBXContainerItemProxy section */

/* Begin PBXFileReference section */
		8401812919ED40C8004B7B5C /* NAATextFieldCell.h */ = {isa = PBXFileReference; fileEncoding = 4; lastKnownFileType = sourcecode.c.h; path = NAATextFieldCell.h; sourceTree = "<group>"; };
		8401812A19ED40C8004B7B5C /* NAATextFieldCell.m */ = {isa = PBXFileReference; fileEncoding = 4; lastKnownFileType = sourcecode.c.objc; path = NAATextFieldCell.m; sourceTree = "<group>"; };
		8403837319F589CA00161A16 /* NAATaskDetailView.h */ = {isa = PBXFileReference; fileEncoding = 4; lastKnownFileType = sourcecode.c.h; path = NAATaskDetailView.h; sourceTree = "<group>"; };
		8403837419F589CA00161A16 /* NAATaskDetailView.m */ = {isa = PBXFileReference; fileEncoding = 4; lastKnownFileType = sourcecode.c.objc; path = NAATaskDetailView.m; sourceTree = "<group>"; };
		8403837519F589CA00161A16 /* NAATaskDetailViewR.h */ = {isa = PBXFileReference; fileEncoding = 4; lastKnownFileType = sourcecode.c.h; path = NAATaskDetailViewR.h; sourceTree = "<group>"; };
		8403837619F589CA00161A16 /* NAATaskDetailViewR.m */ = {isa = PBXFileReference; fileEncoding = 4; lastKnownFileType = sourcecode.c.objc; path = NAATaskDetailViewR.m; sourceTree = "<group>"; };
		8403837919F59C7500161A16 /* NAATaskDetailViewS.h */ = {isa = PBXFileReference; fileEncoding = 4; lastKnownFileType = sourcecode.c.h; path = NAATaskDetailViewS.h; sourceTree = "<group>"; };
		8403837A19F59C7500161A16 /* NAATaskDetailViewS.m */ = {isa = PBXFileReference; fileEncoding = 4; lastKnownFileType = sourcecode.c.objc; path = NAATaskDetailViewS.m; sourceTree = "<group>"; };
		8403837F19F5B1BD00161A16 /* NAAWeekdaysViewController.h */ = {isa = PBXFileReference; fileEncoding = 4; lastKnownFileType = sourcecode.c.h; path = NAAWeekdaysViewController.h; sourceTree = "<group>"; };
		8403838019F5B1BD00161A16 /* NAAWeekdaysViewController.m */ = {isa = PBXFileReference; fileEncoding = 4; lastKnownFileType = sourcecode.c.objc; path = NAAWeekdaysViewController.m; sourceTree = "<group>"; };
		84255F4B19EAB7180063AE5C /* NAATask.h */ = {isa = PBXFileReference; fileEncoding = 4; lastKnownFileType = sourcecode.c.h; path = NAATask.h; sourceTree = "<group>"; };
		84255F4C19EAB7180063AE5C /* NAATask.m */ = {isa = PBXFileReference; fileEncoding = 4; lastKnownFileType = sourcecode.c.objc; path = NAATask.m; sourceTree = "<group>"; };
		84255F4E19EACB530063AE5C /* NAADateCell.h */ = {isa = PBXFileReference; fileEncoding = 4; lastKnownFileType = sourcecode.c.h; path = NAADateCell.h; sourceTree = "<group>"; };
		84255F4F19EACB530063AE5C /* NAADateCell.m */ = {isa = PBXFileReference; fileEncoding = 4; lastKnownFileType = sourcecode.c.objc; path = NAADateCell.m; sourceTree = "<group>"; };
		843BA43919E9468000D3AA4F /* Task manager.app */ = {isa = PBXFileReference; explicitFileType = wrapper.application; includeInIndex = 0; path = "Task manager.app"; sourceTree = BUILT_PRODUCTS_DIR; };
		843BA43C19E9468000D3AA4F /* Foundation.framework */ = {isa = PBXFileReference; lastKnownFileType = wrapper.framework; name = Foundation.framework; path = System/Library/Frameworks/Foundation.framework; sourceTree = SDKROOT; };
		843BA43E19E9468000D3AA4F /* CoreGraphics.framework */ = {isa = PBXFileReference; lastKnownFileType = wrapper.framework; name = CoreGraphics.framework; path = System/Library/Frameworks/CoreGraphics.framework; sourceTree = SDKROOT; };
		843BA44019E9468000D3AA4F /* UIKit.framework */ = {isa = PBXFileReference; lastKnownFileType = wrapper.framework; name = UIKit.framework; path = System/Library/Frameworks/UIKit.framework; sourceTree = SDKROOT; };
		843BA44419E9468000D3AA4F /* Task manager-Info.plist */ = {isa = PBXFileReference; lastKnownFileType = text.plist.xml; path = "Task manager-Info.plist"; sourceTree = "<group>"; };
		843BA44619E9468000D3AA4F /* en */ = {isa = PBXFileReference; lastKnownFileType = text.plist.strings; name = en; path = en.lproj/InfoPlist.strings; sourceTree = "<group>"; };
		843BA44819E9468000D3AA4F /* main.m */ = {isa = PBXFileReference; lastKnownFileType = sourcecode.c.objc; path = main.m; sourceTree = "<group>"; };
		843BA44A19E9468000D3AA4F /* Task manager-Prefix.pch */ = {isa = PBXFileReference; lastKnownFileType = sourcecode.c.h; path = "Task manager-Prefix.pch"; sourceTree = "<group>"; };
		843BA44B19E9468000D3AA4F /* NAAAppDelegate.h */ = {isa = PBXFileReference; lastKnownFileType = sourcecode.c.h; path = NAAAppDelegate.h; sourceTree = "<group>"; };
		843BA44C19E9468000D3AA4F /* NAAAppDelegate.m */ = {isa = PBXFileReference; lastKnownFileType = sourcecode.c.objc; path = NAAAppDelegate.m; sourceTree = "<group>"; };
		843BA44E19E9468000D3AA4F /* Images.xcassets */ = {isa = PBXFileReference; lastKnownFileType = folder.assetcatalog; path = Images.xcassets; sourceTree = "<group>"; };
		843BA45419E9468000D3AA4F /* Task managerTests.xctest */ = {isa = PBXFileReference; explicitFileType = wrapper.cfbundle; includeInIndex = 0; path = "Task managerTests.xctest"; sourceTree = BUILT_PRODUCTS_DIR; };
		843BA45519E9468000D3AA4F /* XCTest.framework */ = {isa = PBXFileReference; lastKnownFileType = wrapper.framework; name = XCTest.framework; path = Library/Frameworks/XCTest.framework; sourceTree = DEVELOPER_DIR; };
		843BA45D19E9468000D3AA4F /* Task managerTests-Info.plist */ = {isa = PBXFileReference; lastKnownFileType = text.plist.xml; path = "Task managerTests-Info.plist"; sourceTree = "<group>"; };
		843BA45F19E9468000D3AA4F /* en */ = {isa = PBXFileReference; lastKnownFileType = text.plist.strings; name = en; path = en.lproj/InfoPlist.strings; sourceTree = "<group>"; };
		843BA46119E9468000D3AA4F /* Task_managerTests.m */ = {isa = PBXFileReference; lastKnownFileType = sourcecode.c.objc; path = Task_managerTests.m; sourceTree = "<group>"; };
		843BA47619E9808E00D3AA4F /* NAATaskStore.h */ = {isa = PBXFileReference; fileEncoding = 4; lastKnownFileType = sourcecode.c.h; path = NAATaskStore.h; sourceTree = "<group>"; };
		843BA47719E9808E00D3AA4F /* NAATaskStore.m */ = {isa = PBXFileReference; fileEncoding = 4; lastKnownFileType = sourcecode.c.objc; path = NAATaskStore.m; sourceTree = "<group>"; };
		843BA47919E98D0B00D3AA4F /* NAADateCell.xib */ = {isa = PBXFileReference; fileEncoding = 4; lastKnownFileType = file.xib; path = NAADateCell.xib; sourceTree = "<group>"; };
		843BA47B19E998FB00D3AA4F /* NAAReminderViewController.h */ = {isa = PBXFileReference; fileEncoding = 4; lastKnownFileType = sourcecode.c.h; path = NAAReminderViewController.h; sourceTree = "<group>"; };
		843BA47C19E998FB00D3AA4F /* NAAReminderViewController.m */ = {isa = PBXFileReference; fileEncoding = 4; lastKnownFileType = sourcecode.c.objc; path = NAAReminderViewController.m; sourceTree = "<group>"; };
		843BA47E19E99F2300D3AA4F /* NAATaskCell.h */ = {isa = PBXFileReference; fileEncoding = 4; lastKnownFileType = sourcecode.c.h; path = NAATaskCell.h; sourceTree = "<group>"; };
		843BA47F19E99F2300D3AA4F /* NAATaskCell.m */ = {isa = PBXFileReference; fileEncoding = 4; lastKnownFileType = sourcecode.c.objc; path = NAATaskCell.m; sourceTree = "<group>"; };
		843BA48119E9A4DF00D3AA4F /* NAATaskCell.xib */ = {isa = PBXFileReference; fileEncoding = 4; lastKnownFileType = file.xib; path = NAATaskCell.xib; sourceTree = "<group>"; };
		84832B7319F3E7CE00ADE601 /* NAAScheduleViewController.h */ = {isa = PBXFileReference; fileEncoding = 4; lastKnownFileType = sourcecode.c.h; path = NAAScheduleViewController.h; sourceTree = "<group>"; };
		84832B7419F3E7CE00ADE601 /* NAAScheduleViewController.m */ = {isa = PBXFileReference; fileEncoding = 4; lastKnownFileType = sourcecode.c.objc; path = NAAScheduleViewController.m; sourceTree = "<group>"; };
		84832B7E19F44B9300ADE601 /* Reminder@2x.png */ = {isa = PBXFileReference; lastKnownFileType = image.png; path = "Reminder@2x.png"; sourceTree = "<group>"; };
		84832B8019F44D4700ADE601 /* Reminder.png */ = {isa = PBXFileReference; lastKnownFileType = image.png; path = Reminder.png; sourceTree = "<group>"; };
		84832B8619F44E2100ADE601 /* Schedule@2x.png */ = {isa = PBXFileReference; lastKnownFileType = image.png; path = "Schedule@2x.png"; sourceTree = "<group>"; };
		84832B8719F44E2100ADE601 /* Schedule.png */ = {isa = PBXFileReference; lastKnownFileType = image.png; path = Schedule.png; sourceTree = "<group>"; };
/* End PBXFileReference section */

/* Begin PBXFrameworksBuildPhase section */
		843BA43619E9468000D3AA4F /* Frameworks */ = {
			isa = PBXFrameworksBuildPhase;
			buildActionMask = 2147483647;
			files = (
				843BA43F19E9468000D3AA4F /* CoreGraphics.framework in Frameworks */,
				843BA44119E9468000D3AA4F /* UIKit.framework in Frameworks */,
				843BA43D19E9468000D3AA4F /* Foundation.framework in Frameworks */,
			);
			runOnlyForDeploymentPostprocessing = 0;
		};
		843BA45119E9468000D3AA4F /* Frameworks */ = {
			isa = PBXFrameworksBuildPhase;
			buildActionMask = 2147483647;
			files = (
				843BA45619E9468000D3AA4F /* XCTest.framework in Frameworks */,
				843BA45819E9468000D3AA4F /* UIKit.framework in Frameworks */,
				843BA45719E9468000D3AA4F /* Foundation.framework in Frameworks */,
			);
			runOnlyForDeploymentPostprocessing = 0;
		};
/* End PBXFrameworksBuildPhase section */

/* Begin PBXGroup section */
		843BA43019E9468000D3AA4F = {
			isa = PBXGroup;
			children = (
				843BA44219E9468000D3AA4F /* Task manager */,
				843BA45B19E9468000D3AA4F /* Task managerTests */,
				843BA43B19E9468000D3AA4F /* Frameworks */,
				843BA43A19E9468000D3AA4F /* Products */,
			);
			sourceTree = "<group>";
		};
		843BA43A19E9468000D3AA4F /* Products */ = {
			isa = PBXGroup;
			children = (
				843BA43919E9468000D3AA4F /* Task manager.app */,
				843BA45419E9468000D3AA4F /* Task managerTests.xctest */,
			);
			name = Products;
			sourceTree = "<group>";
		};
		843BA43B19E9468000D3AA4F /* Frameworks */ = {
			isa = PBXGroup;
			children = (
				843BA43C19E9468000D3AA4F /* Foundation.framework */,
				843BA43E19E9468000D3AA4F /* CoreGraphics.framework */,
				843BA44019E9468000D3AA4F /* UIKit.framework */,
				843BA45519E9468000D3AA4F /* XCTest.framework */,
			);
			name = Frameworks;
			sourceTree = "<group>";
		};
		843BA44219E9468000D3AA4F /* Task manager */ = {
			isa = PBXGroup;
			children = (
				843BA44B19E9468000D3AA4F /* NAAAppDelegate.h */,
				843BA44C19E9468000D3AA4F /* NAAAppDelegate.m */,
				843BA47919E98D0B00D3AA4F /* NAADateCell.xib */,
				84255F4E19EACB530063AE5C /* NAADateCell.h */,
				84255F4F19EACB530063AE5C /* NAADateCell.m */,
				843BA47B19E998FB00D3AA4F /* NAAReminderViewController.h */,
				843BA47C19E998FB00D3AA4F /* NAAReminderViewController.m */,
				84255F4B19EAB7180063AE5C /* NAATask.h */,
				84255F4C19EAB7180063AE5C /* NAATask.m */,
				84832B7319F3E7CE00ADE601 /* NAAScheduleViewController.h */,
				84832B7419F3E7CE00ADE601 /* NAAScheduleViewController.m */,
				8403837319F589CA00161A16 /* NAATaskDetailView.h */,
				8403837419F589CA00161A16 /* NAATaskDetailView.m */,
				8403837519F589CA00161A16 /* NAATaskDetailViewR.h */,
				8403837619F589CA00161A16 /* NAATaskDetailViewR.m */,
				8401812919ED40C8004B7B5C /* NAATextFieldCell.h */,
				8403837919F59C7500161A16 /* NAATaskDetailViewS.h */,
				8403837A19F59C7500161A16 /* NAATaskDetailViewS.m */,
				8401812A19ED40C8004B7B5C /* NAATextFieldCell.m */,
				8403837F19F5B1BD00161A16 /* NAAWeekdaysViewController.h */,
				8403838019F5B1BD00161A16 /* NAAWeekdaysViewController.m */,
				843BA47E19E99F2300D3AA4F /* NAATaskCell.h */,
				843BA47F19E99F2300D3AA4F /* NAATaskCell.m */,
				843BA48119E9A4DF00D3AA4F /* NAATaskCell.xib */,
				843BA47619E9808E00D3AA4F /* NAATaskStore.h */,
				843BA47719E9808E00D3AA4F /* NAATaskStore.m */,
				84832B7E19F44B9300ADE601 /* Reminder@2x.png */,
				84832B8019F44D4700ADE601 /* Reminder.png */,
				84832B8619F44E2100ADE601 /* Schedule@2x.png */,
				84832B8719F44E2100ADE601 /* Schedule.png */,
				843BA44E19E9468000D3AA4F /* Images.xcassets */,
				843BA44319E9468000D3AA4F /* Supporting Files */,
			);
			path = "Task manager";
			sourceTree = "<group>";
		};
		843BA44319E9468000D3AA4F /* Supporting Files */ = {
			isa = PBXGroup;
			children = (
				843BA44419E9468000D3AA4F /* Task manager-Info.plist */,
				843BA44519E9468000D3AA4F /* InfoPlist.strings */,
				843BA44819E9468000D3AA4F /* main.m */,
				843BA44A19E9468000D3AA4F /* Task manager-Prefix.pch */,
			);
			name = "Supporting Files";
			sourceTree = "<group>";
		};
		843BA45B19E9468000D3AA4F /* Task managerTests */ = {
			isa = PBXGroup;
			children = (
				843BA46119E9468000D3AA4F /* Task_managerTests.m */,
				843BA45C19E9468000D3AA4F /* Supporting Files */,
			);
			path = "Task managerTests";
			sourceTree = "<group>";
		};
		843BA45C19E9468000D3AA4F /* Supporting Files */ = {
			isa = PBXGroup;
			children = (
				843BA45D19E9468000D3AA4F /* Task managerTests-Info.plist */,
				843BA45E19E9468000D3AA4F /* InfoPlist.strings */,
			);
			name = "Supporting Files";
			sourceTree = "<group>";
		};
/* End PBXGroup section */

/* Begin PBXNativeTarget section */
		843BA43819E9468000D3AA4F /* Task manager */ = {
			isa = PBXNativeTarget;
			buildConfigurationList = 843BA46519E9468000D3AA4F /* Build configuration list for PBXNativeTarget "Task manager" */;
			buildPhases = (
				843BA43519E9468000D3AA4F /* Sources */,
				843BA43619E9468000D3AA4F /* Frameworks */,
				843BA43719E9468000D3AA4F /* Resources */,
			);
			buildRules = (
			);
			dependencies = (
			);
			name = "Task manager";
			productName = "Task manager";
			productReference = 843BA43919E9468000D3AA4F /* Task manager.app */;
			productType = "com.apple.product-type.application";
		};
		843BA45319E9468000D3AA4F /* Task managerTests */ = {
			isa = PBXNativeTarget;
			buildConfigurationList = 843BA46819E9468000D3AA4F /* Build configuration list for PBXNativeTarget "Task managerTests" */;
			buildPhases = (
				843BA45019E9468000D3AA4F /* Sources */,
				843BA45119E9468000D3AA4F /* Frameworks */,
				843BA45219E9468000D3AA4F /* Resources */,
			);
			buildRules = (
			);
			dependencies = (
				843BA45A19E9468000D3AA4F /* PBXTargetDependency */,
			);
			name = "Task managerTests";
			productName = "Task managerTests";
			productReference = 843BA45419E9468000D3AA4F /* Task managerTests.xctest */;
			productType = "com.apple.product-type.bundle.unit-test";
		};
/* End PBXNativeTarget section */

/* Begin PBXProject section */
		843BA43119E9468000D3AA4F /* Project object */ = {
			isa = PBXProject;
			attributes = {
				CLASSPREFIX = NAA;
				LastUpgradeCheck = 0510;
				ORGANIZATIONNAME = PlaceHolder;
				TargetAttributes = {
					843BA45319E9468000D3AA4F = {
						TestTargetID = 843BA43819E9468000D3AA4F;
					};
				};
			};
			buildConfigurationList = 843BA43419E9468000D3AA4F /* Build configuration list for PBXProject "Task manager" */;
			compatibilityVersion = "Xcode 3.2";
			developmentRegion = English;
			hasScannedForEncodings = 0;
			knownRegions = (
				en,
			);
			mainGroup = 843BA43019E9468000D3AA4F;
			productRefGroup = 843BA43A19E9468000D3AA4F /* Products */;
			projectDirPath = "";
			projectRoot = "";
			targets = (
				843BA43819E9468000D3AA4F /* Task manager */,
				843BA45319E9468000D3AA4F /* Task managerTests */,
			);
		};
/* End PBXProject section */

/* Begin PBXResourcesBuildPhase section */
		843BA43719E9468000D3AA4F /* Resources */ = {
			isa = PBXResourcesBuildPhase;
			buildActionMask = 2147483647;
			files = (
				843BA44719E9468000D3AA4F /* InfoPlist.strings in Resources */,
				84832B8819F44E2100ADE601 /* Schedule@2x.png in Resources */,
				84832B8319F44D4700ADE601 /* Reminder.png in Resources */,
				84832B7F19F44B9300ADE601 /* Reminder@2x.png in Resources */,
				84832B8919F44E2100ADE601 /* Schedule.png in Resources */,
				843BA47A19E98D0B00D3AA4F /* NAADateCell.xib in Resources */,
				843BA44F19E9468000D3AA4F /* Images.xcassets in Resources */,
				843BA48219E9A4DF00D3AA4F /* NAATaskCell.xib in Resources */,
			);
			runOnlyForDeploymentPostprocessing = 0;
		};
		843BA45219E9468000D3AA4F /* Resources */ = {
			isa = PBXResourcesBuildPhase;
			buildActionMask = 2147483647;
			files = (
				843BA46019E9468000D3AA4F /* InfoPlist.strings in Resources */,
			);
			runOnlyForDeploymentPostprocessing = 0;
		};
/* End PBXResourcesBuildPhase section */

/* Begin PBXSourcesBuildPhase section */
		843BA43519E9468000D3AA4F /* Sources */ = {
			isa = PBXSourcesBuildPhase;
			buildActionMask = 2147483647;
			files = (
				84255F4D19EAB7180063AE5C /* NAATask.m in Sources */,
				8401812B19ED40C8004B7B5C /* NAATextFieldCell.m in Sources */,
				843BA47819E9808E00D3AA4F /* NAATaskStore.m in Sources */,
				8403837B19F59C7500161A16 /* NAATaskDetailViewS.m in Sources */,
				8403837719F589CA00161A16 /* NAATaskDetailView.m in Sources */,
				843BA44919E9468000D3AA4F /* main.m in Sources */,
				843BA48019E99F2300D3AA4F /* NAATaskCell.m in Sources */,
				843BA44D19E9468000D3AA4F /* NAAAppDelegate.m in Sources */,
				84255F5019EACB530063AE5C /* NAADateCell.m in Sources */,
				8403838119F5B1BD00161A16 /* NAAWeekdaysViewController.m in Sources */,
				84832B7519F3E7CE00ADE601 /* NAAScheduleViewController.m in Sources */,
				843BA47D19E998FB00D3AA4F /* NAAReminderViewController.m in Sources */,
				8403837819F589CA00161A16 /* NAATaskDetailViewR.m in Sources */,
			);
			runOnlyForDeploymentPostprocessing = 0;
		};
		843BA45019E9468000D3AA4F /* Sources */ = {
			isa = PBXSourcesBuildPhase;
			buildActionMask = 2147483647;
			files = (
				843BA46219E9468000D3AA4F /* Task_managerTests.m in Sources */,
			);
			runOnlyForDeploymentPostprocessing = 0;
		};
/* End PBXSourcesBuildPhase section */

/* Begin PBXTargetDependency section */
		843BA45A19E9468000D3AA4F /* PBXTargetDependency */ = {
			isa = PBXTargetDependency;
			target = 843BA43819E9468000D3AA4F /* Task manager */;
			targetProxy = 843BA45919E9468000D3AA4F /* PBXContainerItemProxy */;
		};
/* End PBXTargetDependency section */

/* Begin PBXVariantGroup section */
		843BA44519E9468000D3AA4F /* InfoPlist.strings */ = {
			isa = PBXVariantGroup;
			children = (
				843BA44619E9468000D3AA4F /* en */,
			);
			name = InfoPlist.strings;
			sourceTree = "<group>";
		};
		843BA45E19E9468000D3AA4F /* InfoPlist.strings */ = {
			isa = PBXVariantGroup;
			children = (
				843BA45F19E9468000D3AA4F /* en */,
			);
			name = InfoPlist.strings;
			sourceTree = "<group>";
		};
/* End PBXVariantGroup section */

/* Begin XCBuildConfiguration section */
		843BA46319E9468000D3AA4F /* Debug */ = {
			isa = XCBuildConfiguration;
			buildSettings = {
				ALWAYS_SEARCH_USER_PATHS = NO;
				CLANG_CXX_LANGUAGE_STANDARD = "gnu++0x";
				CLANG_CXX_LIBRARY = "libc++";
				CLANG_ENABLE_MODULES = YES;
				CLANG_ENABLE_OBJC_ARC = YES;
				CLANG_WARN_BOOL_CONVERSION = YES;
				CLANG_WARN_CONSTANT_CONVERSION = YES;
				CLANG_WARN_DIRECT_OBJC_ISA_USAGE = YES_ERROR;
				CLANG_WARN_EMPTY_BODY = YES;
				CLANG_WARN_ENUM_CONVERSION = YES;
				CLANG_WARN_INT_CONVERSION = YES;
				CLANG_WARN_OBJC_ROOT_CLASS = YES_ERROR;
				CLANG_WARN__DUPLICATE_METHOD_MATCH = YES;
				"CODE_SIGN_IDENTITY[sdk=iphoneos*]" = "iPhone Developer";
				COPY_PHASE_STRIP = NO;
				GCC_C_LANGUAGE_STANDARD = gnu99;
				GCC_DYNAMIC_NO_PIC = NO;
				GCC_OPTIMIZATION_LEVEL = 0;
				GCC_PREPROCESSOR_DEFINITIONS = (
					"DEBUG=1",
					"$(inherited)",
				);
				GCC_SYMBOLS_PRIVATE_EXTERN = NO;
				GCC_WARN_64_TO_32_BIT_CONVERSION = YES;
				GCC_WARN_ABOUT_RETURN_TYPE = YES_ERROR;
				GCC_WARN_UNDECLARED_SELECTOR = YES;
				GCC_WARN_UNINITIALIZED_AUTOS = YES_AGGRESSIVE;
				GCC_WARN_UNUSED_FUNCTION = YES;
				GCC_WARN_UNUSED_VARIABLE = YES;
				IPHONEOS_DEPLOYMENT_TARGET = 7.1;
				ONLY_ACTIVE_ARCH = YES;
				SDKROOT = iphoneos;
			};
			name = Debug;
		};
		843BA46419E9468000D3AA4F /* Release */ = {
			isa = XCBuildConfiguration;
			buildSettings = {
				ALWAYS_SEARCH_USER_PATHS = NO;
				CLANG_CXX_LANGUAGE_STANDARD = "gnu++0x";
				CLANG_CXX_LIBRARY = "libc++";
				CLANG_ENABLE_MODULES = YES;
				CLANG_ENABLE_OBJC_ARC = YES;
				CLANG_WARN_BOOL_CONVERSION = YES;
				CLANG_WARN_CONSTANT_CONVERSION = YES;
				CLANG_WARN_DIRECT_OBJC_ISA_USAGE = YES_ERROR;
				CLANG_WARN_EMPTY_BODY = YES;
				CLANG_WARN_ENUM_CONVERSION = YES;
				CLANG_WARN_INT_CONVERSION = YES;
				CLANG_WARN_OBJC_ROOT_CLASS = YES_ERROR;
				CLANG_WARN__DUPLICATE_METHOD_MATCH = YES;
				"CODE_SIGN_IDENTITY[sdk=iphoneos*]" = "iPhone Developer";
				COPY_PHASE_STRIP = YES;
				ENABLE_NS_ASSERTIONS = NO;
				GCC_C_LANGUAGE_STANDARD = gnu99;
				GCC_WARN_64_TO_32_BIT_CONVERSION = YES;
				GCC_WARN_ABOUT_RETURN_TYPE = YES_ERROR;
				GCC_WARN_UNDECLARED_SELECTOR = YES;
				GCC_WARN_UNINITIALIZED_AUTOS = YES_AGGRESSIVE;
				GCC_WARN_UNUSED_FUNCTION = YES;
				GCC_WARN_UNUSED_VARIABLE = YES;
				IPHONEOS_DEPLOYMENT_TARGET = 7.1;
				SDKROOT = iphoneos;
				VALIDATE_PRODUCT = YES;
			};
			name = Release;
		};
		843BA46619E9468000D3AA4F /* Debug */ = {
			isa = XCBuildConfiguration;
			buildSettings = {
				ASSETCATALOG_COMPILER_APPICON_NAME = AppIcon;
				ASSETCATALOG_COMPILER_LAUNCHIMAGE_NAME = LaunchImage;
				GCC_PRECOMPILE_PREFIX_HEADER = YES;
				GCC_PREFIX_HEADER = "Task manager/Task manager-Prefix.pch";
				INFOPLIST_FILE = "Task manager/Task manager-Info.plist";
				PRODUCT_NAME = "$(TARGET_NAME)";
				WRAPPER_EXTENSION = app;
			};
			name = Debug;
		};
		843BA46719E9468000D3AA4F /* Release */ = {
			isa = XCBuildConfiguration;
			buildSettings = {
				ASSETCATALOG_COMPILER_APPICON_NAME = AppIcon;
				ASSETCATALOG_COMPILER_LAUNCHIMAGE_NAME = LaunchImage;
				GCC_PRECOMPILE_PREFIX_HEADER = YES;
				GCC_PREFIX_HEADER = "Task manager/Task manager-Prefix.pch";
				INFOPLIST_FILE = "Task manager/Task manager-Info.plist";
				PRODUCT_NAME = "$(TARGET_NAME)";
				WRAPPER_EXTENSION = app;
			};
			name = Release;
		};
		843BA46919E9468000D3AA4F /* Debug */ = {
			isa = XCBuildConfiguration;
			buildSettings = {
				BUNDLE_LOADER = "$(BUILT_PRODUCTS_DIR)/Task manager.app/Task manager";
				FRAMEWORK_SEARCH_PATHS = (
					"$(SDKROOT)/Developer/Library/Frameworks",
					"$(inherited)",
					"$(DEVELOPER_FRAMEWORKS_DIR)",
				);
				GCC_PRECOMPILE_PREFIX_HEADER = YES;
				GCC_PREFIX_HEADER = "Task manager/Task manager-Prefix.pch";
				GCC_PREPROCESSOR_DEFINITIONS = (
					"DEBUG=1",
					"$(inherited)",
				);
				INFOPLIST_FILE = "Task managerTests/Task managerTests-Info.plist";
				PRODUCT_NAME = "$(TARGET_NAME)";
				TEST_HOST = "$(BUNDLE_LOADER)";
				WRAPPER_EXTENSION = xctest;
			};
			name = Debug;
		};
		843BA46A19E9468000D3AA4F /* Release */ = {
			isa = XCBuildConfiguration;
			buildSettings = {
				BUNDLE_LOADER = "$(BUILT_PRODUCTS_DIR)/Task manager.app/Task manager";
				FRAMEWORK_SEARCH_PATHS = (
					"$(SDKROOT)/Developer/Library/Frameworks",
					"$(inherited)",
					"$(DEVELOPER_FRAMEWORKS_DIR)",
				);
				GCC_PRECOMPILE_PREFIX_HEADER = YES;
				GCC_PREFIX_HEADER = "Task manager/Task manager-Prefix.pch";
				INFOPLIST_FILE = "Task managerTests/Task managerTests-Info.plist";
				PRODUCT_NAME = "$(TARGET_NAME)";
				TEST_HOST = "$(BUNDLE_LOADER)";
				WRAPPER_EXTENSION = xctest;
			};
			name = Release;
		};
/* End XCBuildConfiguration section */

/* Begin XCConfigurationList section */
		843BA43419E9468000D3AA4F /* Build configuration list for PBXProject "Task manager" */ = {
			isa = XCConfigurationList;
			buildConfigurations = (
				843BA46319E9468000D3AA4F /* Debug */,
				843BA46419E9468000D3AA4F /* Release */,
			);
			defaultConfigurationIsVisible = 0;
			defaultConfigurationName = Release;
		};
		843BA46519E9468000D3AA4F /* Build configuration list for PBXNativeTarget "Task manager" */ = {
			isa = XCConfigurationList;
			buildConfigurations = (
				843BA46619E9468000D3AA4F /* Debug */,
				843BA46719E9468000D3AA4F /* Release */,
			);
			defaultConfigurationIsVisible = 0;
			defaultConfigurationName = Release;
		};
		843BA46819E9468000D3AA4F /* Build configuration list for PBXNativeTarget "Task managerTests" */ = {
			isa = XCConfigurationList;
			buildConfigurations = (
				843BA46919E9468000D3AA4F /* Debug */,
				843BA46A19E9468000D3AA4F /* Release */,
			);
			defaultConfigurationIsVisible = 0;
			defaultConfigurationName = Release;
		};
/* End XCConfigurationList section */
	};
	rootObject = 843BA43119E9468000D3AA4F /* Project object */;
}
